
Microsoft Visual Studio Solution File, Format Version 12.00
# Visual Studio Version 16
VisualStudioVersion = 16.0.29215.179
MinimumVisualStudioVersion = 10.0.40219.1
Project("{FAE04EC0-301F-11D3-BF4B-00C04F79EFBC}") = "Word Finder 1.0", "Word Finder 1.0.csproj", "{93584E96-10BF-4B7C-900B-E84764C9D4F8}"
EndProject
Project("{54435603-DBB4-11D2-8724-00A0C9A8B90C}") = "Word Finder Setup", "..\Word Finder Setup\Word Finder Setup.vdproj", "{E6C51A06-CCEF-4D85-8FDC-E890A15084B9}"
EndProject
Global
	GlobalSection(SolutionConfigurationPlatforms) = preSolution
		Debug|Any CPU = Debug|Any CPU
		Release|Any CPU = Release|Any CPU
	EndGlobalSection
	GlobalSection(ProjectConfigurationPlatforms) = postSolution
		{93584E96-10BF-4B7C-900B-E84764C9D4F8}.Debug|Any CPU.ActiveCfg = Debug|Any CPU
		{93584E96-10BF-4B7C-900B-E84764C9D4F8}.Debug|Any CPU.Build.0 = Debug|Any CPU
		{93584E96-10BF-4B7C-900B-E84764C9D4F8}.Release|Any CPU.ActiveCfg = Release|Any CPU
		{93584E96-10BF-4B7C-900B-E84764C9D4F8}.Release|Any CPU.Build.0 = Release|Any CPU
		{E6C51A06-CCEF-4D85-8FDC-E890A15084B9}.Debug|Any CPU.ActiveCfg = Debug
		{E6C51A06-CCEF-4D85-8FDC-E890A15084B9}.Release|Any CPU.ActiveCfg = Release
	EndGlobalSection
	GlobalSection(SolutionProperties) = preSolution
		HideSolutionNode = FALSE
	EndGlobalSection
	GlobalSection(ExtensibilityGlobals) = postSolution
		SolutionGuid = {3B668499-F0C1-47FF-AC5D-1CD2FD5BE749}
	EndGlobalSection
EndGlobal
